
Microsoft Visual Studio Solution File, Format Version 11.00
# Visual Basic Express 2010
Project("{F184B08F-C81C-45F6-A57F-5ABD9991F28F}") = "GIIS", "GIIS\GIIS.vbproj", "{156E74E3-0D1A-4014-BBA9-AD3C3AB99EA2}"
EndProject
Global
	GlobalSection(SolutionConfigurationPlatforms) = preSolution
		Debug|x86 = Debug|x86
		Release|x86 = Release|x86
	EndGlobalSection
	GlobalSection(ProjectConfigurationPlatforms) = postSolution
		{156E74E3-0D1A-4014-BBA9-AD3C3AB99EA2}.Debug|x86.ActiveCfg = Debug|x86
		{156E74E3-0D1A-4014-BBA9-AD3C3AB99EA2}.Debug|x86.Build.0 = Debug|x86
		{156E74E3-0D1A-4014-BBA9-AD3C3AB99EA2}.Release|x86.ActiveCfg = Release|x86
		{156E74E3-0D1A-4014-BBA9-AD3C3AB99EA2}.Release|x86.Build.0 = Release|x86
	EndGlobalSection
	GlobalSection(SolutionProperties) = preSolution
		HideSolutionNode = FALSE
	EndGlobalSection
EndGlobal
